
Microsoft Visual Studio Solution File, Format Version 12.00
# Visual Studio Version 17
VisualStudioVersion = 17.8.34525.116
MinimumVisualStudioVersion = 10.0.40219.1
Project("{FAE04EC0-301F-11D3-BF4B-00C04F79EFBC}") = "Кадровый учет", "Кадровый учет\Кадровый учет.csproj", "{86AA0F3B-E388-4C78-A0B8-69F9874EA268}"
EndProject
Global
	GlobalSection(SolutionConfigurationPlatforms) = preSolution
		Debug|Any CPU = Debug|Any CPU
		Release|Any CPU = Release|Any CPU
	EndGlobalSection
	GlobalSection(ProjectConfigurationPlatforms) = postSolution
		{86AA0F3B-E388-4C78-A0B8-69F9874EA268}.Debug|Any CPU.ActiveCfg = Debug|Any CPU
		{86AA0F3B-E388-4C78-A0B8-69F9874EA268}.Debug|Any CPU.Build.0 = Debug|Any CPU
		{86AA0F3B-E388-4C78-A0B8-69F9874EA268}.Release|Any CPU.ActiveCfg = Release|Any CPU
		{86AA0F3B-E388-4C78-A0B8-69F9874EA268}.Release|Any CPU.Build.0 = Release|Any CPU
	EndGlobalSection
	GlobalSection(SolutionProperties) = preSolution
		HideSolutionNode = FALSE
	EndGlobalSection
	GlobalSection(ExtensibilityGlobals) = postSolution
		SolutionGuid = {77A67ACD-9DD9-4011-B040-B6A849D83B2F}
	EndGlobalSection
EndGlobal
